{
    "_readme": [
        "This file locks the dependencies of your project to a known state",
        "Read more about it at https://getcomposer.org/doc/01-basic-usage.md#installing-dependencies",
        "This file is @generated automatically"
    ],
    "content-hash": "b41f4970d1eb16bfd3ae48f3421cb2a3",
    "packages": [
        {
            "name": "automattic/jetpack-assets",
            "version": "v2.1.5",
            "source": {
                "type": "git",
                "url": "https://github.com/Automattic/jetpack-assets.git",
                "reference": "eea9623e3f8c4877a7d613e626221b3f1d5b11a5"
            },
            "dist": {
                "type": "zip",
                "url": "https://api.github.com/repos/Automattic/jetpack-assets/zipball/eea9623e3f8c4877a7d613e626221b3f1d5b11a5",
                "reference": "eea9623e3f8c4877a7d613e626221b3f1d5b11a5",
                "shasum": ""
            },
            "require": {
                "automattic/jetpack-constants": "^2.0.1",
                "php": ">=7.0"
            },
            "require-dev": {
                "automattic/jetpack-changelogger": "^4.1.2",
                "brain/monkey": "2.6.1",
                "wikimedia/testing-access-wrapper": "^1.0 || ^2.0 || ^3.0",
                "yoast/phpunit-polyfills": "1.1.0"
            },
            "suggest": {
                "automattic/jetpack-autoloader": "Allow for better interoperability with other plugins that use this package."
            },
            "type": "jetpack-library",
            "extra": {
                "autotagger": true,
                "mirror-repo": "Automattic/jetpack-assets",
                "textdomain": "jetpack-assets",
                "changelogger": {
                    "link-template": "https://github.com/Automattic/jetpack-assets/compare/v${old}...v${new}"
                },
                "branch-alias": {
                    "dev-trunk": "2.1.x-dev"
                }
            },
            "autoload": {
                "files": [
                    "actions.php"
                ],
                "classmap": [
                    "src/"
                ]
            },
            "notification-url": "https://packagist.org/downloads/",
            "license": [
                "GPL-2.0-or-later"
            ],
            "description": "Asset management utilities for Jetpack ecosystem packages",
            "support": {
                "source": "https://github.com/Automattic/jetpack-assets/tree/v2.1.5"
            },
            "time": "2024-03-18T17:11:04+00:00"
        },
        {
            "name": "automattic/jetpack-constants",
            "version": "v2.0.1",
            "source": {
                "type": "git",
                "url": "https://github.com/Automattic/jetpack-constants.git",
                "reference": "b159a8777450721a2e898a80930be1fdf59bae92"
            },
            "dist": {
                "type": "zip",
                "url": "https://api.github.com/repos/Automattic/jetpack-constants/zipball/b159a8777450721a2e898a80930be1fdf59bae92",
                "reference": "b159a8777450721a2e898a80930be1fdf59bae92",
                "shasum": ""
            },
            "require": {
                "php": ">=7.0"
            },
            "require-dev": {
                "automattic/jetpack-changelogger": "^4.1.1",
                "brain/monkey": "2.6.1",
                "yoast/phpunit-polyfills": "1.1.0"
            },
            "suggest": {
                "automattic/jetpack-autoloader": "Allow for better interoperability with other plugins that use this package."
            },
            "type": "jetpack-library",
            "extra": {
                "autotagger": true,
                "mirror-repo": "Automattic/jetpack-constants",
                "changelogger": {
                    "link-template": "https://github.com/Automattic/jetpack-constants/compare/v${old}...v${new}"
                },
                "branch-alias": {
                    "dev-trunk": "2.0.x-dev"
                }
            },
            "autoload": {
                "classmap": [
                    "src/"
                ]
            },
            "notification-url": "https://packagist.org/downloads/",
            "license": [
                "GPL-2.0-or-later"
            ],
            "description": "A wrapper for defining constants in a more testable way.",
            "support": {
                "source": "https://github.com/Automattic/jetpack-constants/tree/v2.0.1"
            },
            "time": "2024-03-12T22:00:13+00:00"
        }
    ],
    "packages-dev": [],
    "aliases": [],
    "minimum-stability": "stable",
    "stability-flags": [],
    "prefer-stable": false,
    "prefer-lowest": false,
    "platform": [],
    "platform-dev": [],
    "plugin-api-version": "2.6.0"
}
