{
    "_readme": [
        "This file locks the dependencies of your project to a known state",
        "Read more about it at https://getcomposer.org/doc/01-basic-usage.md#installing-dependencies",
        "This file is @generated automatically"
    ],
    "content-hash": "d2d861d9fd19b3a7d1f8ed1cb424c196",
    "packages": [
        {
            "name": "automattic/jetpack-assets",
            "version": "v2.0.4",
            "source": {
                "type": "git",
                "url": "https://github.com/Automattic/jetpack-assets.git",
                "reference": "ae8944abdb7a8da7137dedb9b4fe2afd81ed2d72"
            },
            "dist": {
                "type": "zip",
                "url": "https://api.github.com/repos/Automattic/jetpack-assets/zipball/ae8944abdb7a8da7137dedb9b4fe2afd81ed2d72",
                "reference": "ae8944abdb7a8da7137dedb9b4fe2afd81ed2d72",
                "shasum": ""
            },
            "require": {
                "automattic/jetpack-constants": "^2.0.0",
                "php": ">=7.0"
            },
            "require-dev": {
                "automattic/jetpack-changelogger": "^4.0.5",
                "brain/monkey": "2.6.1",
                "wikimedia/testing-access-wrapper": "^1.0 || ^2.0 || ^3.0",
                "yoast/phpunit-polyfills": "1.1.0"
            },
            "suggest": {
                "automattic/jetpack-autoloader": "Allow for better interoperability with other plugins that use this package."
            },
            "type": "jetpack-library",
            "extra": {
                "autotagger": true,
                "mirror-repo": "Automattic/jetpack-assets",
                "textdomain": "jetpack-assets",
                "changelogger": {
                    "link-template": "https://github.com/Automattic/jetpack-assets/compare/v${old}...v${new}"
                },
                "branch-alias": {
                    "dev-trunk": "2.0.x-dev"
                }
            },
            "autoload": {
                "files": [
                    "actions.php"
                ],
                "classmap": [
                    "src/"
                ]
            },
            "notification-url": "https://packagist.org/downloads/",
            "license": [
                "GPL-2.0-or-later"
            ],
            "description": "Asset management utilities for Jetpack ecosystem packages",
            "support": {
                "source": "https://github.com/Automattic/jetpack-assets/tree/v2.0.4"
            },
            "time": "2024-01-04T15:59:44+00:00"
        },
        {
            "name": "automattic/jetpack-constants",
            "version": "v2.0.0",
            "source": {
                "type": "git",
                "url": "https://github.com/Automattic/jetpack-constants.git",
                "reference": "d4244e33d2d18902951af05ca5dbb689a23c9cdc"
            },
            "dist": {
                "type": "zip",
                "url": "https://api.github.com/repos/Automattic/jetpack-constants/zipball/d4244e33d2d18902951af05ca5dbb689a23c9cdc",
                "reference": "d4244e33d2d18902951af05ca5dbb689a23c9cdc",
                "shasum": ""
            },
            "require": {
                "php": ">=7.0"
            },
            "require-dev": {
                "automattic/jetpack-changelogger": "^4.0.0",
                "brain/monkey": "2.6.1",
                "yoast/phpunit-polyfills": "1.1.0"
            },
            "suggest": {
                "automattic/jetpack-autoloader": "Allow for better interoperability with other plugins that use this package."
            },
            "type": "jetpack-library",
            "extra": {
                "autotagger": true,
                "mirror-repo": "Automattic/jetpack-constants",
                "changelogger": {
                    "link-template": "https://github.com/Automattic/jetpack-constants/compare/v${old}...v${new}"
                },
                "branch-alias": {
                    "dev-trunk": "2.0.x-dev"
                }
            },
            "autoload": {
                "classmap": [
                    "src/"
                ]
            },
            "notification-url": "https://packagist.org/downloads/",
            "license": [
                "GPL-2.0-or-later"
            ],
            "description": "A wrapper for defining constants in a more testable way.",
            "support": {
                "source": "https://github.com/Automattic/jetpack-constants/tree/v2.0.0"
            },
            "time": "2023-11-20T20:02:28+00:00"
        }
    ],
    "packages-dev": [],
    "aliases": [],
    "minimum-stability": "stable",
    "stability-flags": [],
    "prefer-stable": false,
    "prefer-lowest": false,
    "platform": [],
    "platform-dev": [],
    "plugin-api-version": "2.0.0"
}
